
Microsoft Visual Studio Solution File, Format Version 12.00
# Visual Studio Version 17
VisualStudioVersion = 17.11.35222.181
MinimumVisualStudioVersion = 10.0.40219.1
Project("{FAE04EC0-301F-11D3-BF4B-00C04F79EFBC}") = "Sentence Builder", "Sentence Builder.csproj", "{D27D7E28-1A83-412D-B385-94584C8E1BEC}"
EndProject
Global
	GlobalSection(SolutionConfigurationPlatforms) = preSolution
		Debug|Any CPU = Debug|Any CPU
		Release|Any CPU = Release|Any CPU
	EndGlobalSection
	GlobalSection(ProjectConfigurationPlatforms) = postSolution
		{D27D7E28-1A83-412D-B385-94584C8E1BEC}.Debug|Any CPU.ActiveCfg = Debug|Any CPU
		{D27D7E28-1A83-412D-B385-94584C8E1BEC}.Debug|Any CPU.Build.0 = Debug|Any CPU
		{D27D7E28-1A83-412D-B385-94584C8E1BEC}.Release|Any CPU.ActiveCfg = Release|Any CPU
		{D27D7E28-1A83-412D-B385-94584C8E1BEC}.Release|Any CPU.Build.0 = Release|Any CPU
	EndGlobalSection
	GlobalSection(SolutionProperties) = preSolution
		HideSolutionNode = FALSE
	EndGlobalSection
	GlobalSection(ExtensibilityGlobals) = postSolution
		SolutionGuid = {748AA573-5F3E-4F6A-B58F-9F2C7A641834}
	EndGlobalSection
EndGlobal
